// !$*UTF8*$!
{
	archiveVersion = 1;
	classes = {
	};
	objectVersion = 56;
	objects = {

/* Begin PBXBuildFile section */
		BDBC19EE2BF18821006991F5 /* CameraPractice_submissionApp.swift in Sources */ = {isa = PBXBuildFile; fileRef = BDBC19ED2BF18821006991F5 /* CameraPractice_submissionApp.swift */; };
		BDBC19F02BF18821006991F5 /* ContentView.swift in Sources */ = {isa = PBXBuildFile; fileRef = BDBC19EF2BF18821006991F5 /* ContentView.swift */; };
		BDBC19F22BF18822006991F5 /* Assets.xcassets in Resources */ = {isa = PBXBuildFile; fileRef = BDBC19F12BF18822006991F5 /* Assets.xcassets */; };
		BDBC19F52BF18822006991F5 /* Preview Assets.xcassets in Resources */ = {isa = PBXBuildFile; fileRef = BDBC19F42BF18822006991F5 /* Preview Assets.xcassets */; };
		BDBC19FF2BF18823006991F5 /* CameraPractice_submissionTests.swift in Sources */ = {isa = PBXBuildFile; fileRef = BDBC19FE2BF18823006991F5 /* CameraPractice_submissionTests.swift */; };
		BDBC1A092BF18823006991F5 /* CameraPractice_submissionUITests.swift in Sources */ = {isa = PBXBuildFile; fileRef = BDBC1A082BF18823006991F5 /* CameraPractice_submissionUITests.swift */; };
		BDBC1A0B2BF18823006991F5 /* CameraPractice_submissionUITestsLaunchTests.swift in Sources */ = {isa = PBXBuildFile; fileRef = BDBC1A0A2BF18823006991F5 /* CameraPractice_submissionUITestsLaunchTests.swift */; };
/* End PBXBuildFile section */

/* Begin PBXContainerItemProxy section */
		BDBC19FB2BF18823006991F5 /* PBXContainerItemProxy */ = {
			isa = PBXContainerItemProxy;
			containerPortal = BDBC19E22BF18821006991F5 /* Project object */;
			proxyType = 1;
			remoteGlobalIDString = BDBC19E92BF18821006991F5;
			remoteInfo = CameraPractice_submission;
		};
		BDBC1A052BF18823006991F5 /* PBXContainerItemProxy */ = {
			isa = PBXContainerItemProxy;
			containerPortal = BDBC19E22BF18821006991F5 /* Project object */;
			proxyType = 1;
			remoteGlobalIDString = BDBC19E92BF18821006991F5;
			remoteInfo = CameraPractice_submission;
		};
/* End PBXContainerItemProxy section */

/* Begin PBXFileReference section */
		BDBC19EA2BF18821006991F5 /* CameraPractice_submission.app */ = {isa = PBXFileReference; explicitFileType = wrapper.application; includeInIndex = 0; path = CameraPractice_submission.app; sourceTree = BUILT_PRODUCTS_DIR; };
		BDBC19ED2BF18821006991F5 /* CameraPractice_submissionApp.swift */ = {isa = PBXFileReference; lastKnownFileType = sourcecode.swift; path = CameraPractice_submissionApp.swift; sourceTree = "<group>"; };
		BDBC19EF2BF18821006991F5 /* ContentView.swift */ = {isa = PBXFileReference; lastKnownFileType = sourcecode.swift; path = ContentView.swift; sourceTree = "<group>"; };
		BDBC19F12BF18822006991F5 /* Assets.xcassets */ = {isa = PBXFileReference; lastKnownFileType = folder.assetcatalog; path = Assets.xcassets; sourceTree = "<group>"; };
		BDBC19F42BF18822006991F5 /* Preview Assets.xcassets */ = {isa = PBXFileReference; lastKnownFileType = folder.assetcatalog; path = "Preview Assets.xcassets"; sourceTree = "<group>"; };
		BDBC19FA2BF18823006991F5 /* CameraPractice_submissionTests.xctest */ = {isa = PBXFileReference; explicitFileType = wrapper.cfbundle; includeInIndex = 0; path = CameraPractice_submissionTests.xctest; sourceTree = BUILT_PRODUCTS_DIR; };
		BDBC19FE2BF18823006991F5 /* CameraPractice_submissionTests.swift */ = {isa = PBXFileReference; lastKnownFileType = sourcecode.swift; path = CameraPractice_submissionTests.swift; sourceTree = "<group>"; };
		BDBC1A042BF18823006991F5 /* CameraPractice_submissionUITests.xctest */ = {isa = PBXFileReference; explicitFileType = wrapper.cfbundle; includeInIndex = 0; path = CameraPractice_submissionUITests.xctest; sourceTree = BUILT_PRODUCTS_DIR; };
		BDBC1A082BF18823006991F5 /* CameraPractice_submissionUITests.swift */ = {isa = PBXFileReference; lastKnownFileType = sourcecode.swift; path = CameraPractice_submissionUITests.swift; sourceTree = "<group>"; };
		BDBC1A0A2BF18823006991F5 /* CameraPractice_submissionUITestsLaunchTests.swift */ = {isa = PBXFileReference; lastKnownFileType = sourcecode.swift; path = CameraPractice_submissionUITestsLaunchTests.swift; sourceTree = "<group>"; };
/* End PBXFileReference section */

/* Begin PBXFrameworksBuildPhase section */
		BDBC19E72BF18821006991F5 /* Frameworks */ = {
			isa = PBXFrameworksBuildPhase;
			buildActionMask = 2147483647;
			files = (
			);
			runOnlyForDeploymentPostprocessing = 0;
		};
		BDBC19F72BF18823006991F5 /* Frameworks */ = {
			isa = PBXFrameworksBuildPhase;
			buildActionMask = 2147483647;
			files = (
			);
			runOnlyForDeploymentPostprocessing = 0;
		};
		BDBC1A012BF18823006991F5 /* Frameworks */ = {
			isa = PBXFrameworksBuildPhase;
			buildActionMask = 2147483647;
			files = (
			);
			runOnlyForDeploymentPostprocessing = 0;
		};
/* End PBXFrameworksBuildPhase section */

/* Begin PBXGroup section */
		BDBC19E12BF18821006991F5 = {
			isa = PBXGroup;
			children = (
				BDBC19EC2BF18821006991F5 /* CameraPractice_submission */,
				BDBC19FD2BF18823006991F5 /* CameraPractice_submissionTests */,
				BDBC1A072BF18823006991F5 /* CameraPractice_submissionUITests */,
				BDBC19EB2BF18821006991F5 /* Products */,
			);
			sourceTree = "<group>";
		};
		BDBC19EB2BF18821006991F5 /* Products */ = {
			isa = PBXGroup;
			children = (
				BDBC19EA2BF18821006991F5 /* CameraPractice_submission.app */,
				BDBC19FA2BF18823006991F5 /* CameraPractice_submissionTests.xctest */,
				BDBC1A042BF18823006991F5 /* CameraPractice_submissionUITests.xctest */,
			);
			name = Products;
			sourceTree = "<group>";
		};
		BDBC19EC2BF18821006991F5 /* CameraPractice_submission */ = {
			isa = PBXGroup;
			children = (
				BDBC19ED2BF18821006991F5 /* CameraPractice_submissionApp.swift */,
				BDBC19EF2BF18821006991F5 /* ContentView.swift */,
				BDBC19F12BF18822006991F5 /* Assets.xcassets */,
				BDBC19F32BF18822006991F5 /* Preview Content */,
			);
			path = CameraPractice_submission;
			sourceTree = "<group>";
		};
		BDBC19F32BF18822006991F5 /* Preview Content */ = {
			isa = PBXGroup;
			children = (
				BDBC19F42BF18822006991F5 /* Preview Assets.xcassets */,
			);
			path = "Preview Content";
			sourceTree = "<group>";
		};
		BDBC19FD2BF18823006991F5 /* CameraPractice_submissionTests */ = {
			isa = PBXGroup;
			children = (
				BDBC19FE2BF18823006991F5 /* CameraPractice_submissionTests.swift */,
			);
			path = CameraPractice_submissionTests;
			sourceTree = "<group>";
		};
		BDBC1A072BF18823006991F5 /* CameraPractice_submissionUITests */ = {
			isa = PBXGroup;
			children = (
				BDBC1A082BF18823006991F5 /* CameraPractice_submissionUITests.swift */,
				BDBC1A0A2BF18823006991F5 /* CameraPractice_submissionUITestsLaunchTests.swift */,
			);
			path = CameraPractice_submissionUITests;
			sourceTree = "<group>";
		};
/* End PBXGroup section */

/* Begin PBXNativeTarget section */
		BDBC19E92BF18821006991F5 /* CameraPractice_submission */ = {
			isa = PBXNativeTarget;
			buildConfigurationList = BDBC1A0E2BF18823006991F5 /* Build configuration list for PBXNativeTarget "CameraPractice_submission" */;
			buildPhases = (
				BDBC19E62BF18821006991F5 /* Sources */,
				BDBC19E72BF18821006991F5 /* Frameworks */,
				BDBC19E82BF18821006991F5 /* Resources */,
			);
			buildRules = (
			);
			dependencies = (
			);
			name = CameraPractice_submission;
			productName = CameraPractice_submission;
			productReference = BDBC19EA2BF18821006991F5 /* CameraPractice_submission.app */;
			productType = "com.apple.product-type.application";
		};
		BDBC19F92BF18823006991F5 /* CameraPractice_submissionTests */ = {
			isa = PBXNativeTarget;
			buildConfigurationList = BDBC1A112BF18823006991F5 /* Build configuration list for PBXNativeTarget "CameraPractice_submissionTests" */;
			buildPhases = (
				BDBC19F62BF18823006991F5 /* Sources */,
				BDBC19F72BF18823006991F5 /* Frameworks */,
				BDBC19F82BF18823006991F5 /* Resources */,
			);
			buildRules = (
			);
			dependencies = (
				BDBC19FC2BF18823006991F5 /* PBXTargetDependency */,
			);
			name = CameraPractice_submissionTests;
			productName = CameraPractice_submissionTests;
			productReference = BDBC19FA2BF18823006991F5 /* CameraPractice_submissionTests.xctest */;
			productType = "com.apple.product-type.bundle.unit-test";
		};
		BDBC1A032BF18823006991F5 /* CameraPractice_submissionUITests */ = {
			isa = PBXNativeTarget;
			buildConfigurationList = BDBC1A142BF18823006991F5 /* Build configuration list for PBXNativeTarget "CameraPractice_submissionUITests" */;
			buildPhases = (
				BDBC1A002BF18823006991F5 /* Sources */,
				BDBC1A012BF18823006991F5 /* Frameworks */,
				BDBC1A022BF18823006991F5 /* Resources */,
			);
			buildRules = (
			);
			dependencies = (
				BDBC1A062BF18823006991F5 /* PBXTargetDependency */,
			);
			name = CameraPractice_submissionUITests;
			productName = CameraPractice_submissionUITests;
			productReference = BDBC1A042BF18823006991F5 /* CameraPractice_submissionUITests.xctest */;
			productType = "com.apple.product-type.bundle.ui-testing";
		};
/* End PBXNativeTarget section */

/* Begin PBXProject section */
		BDBC19E22BF18821006991F5 /* Project object */ = {
			isa = PBXProject;
			attributes = {
				BuildIndependentTargetsInParallel = 1;
				LastSwiftUpdateCheck = 1530;
				LastUpgradeCheck = 1530;
				TargetAttributes = {
					BDBC19E92BF18821006991F5 = {
						CreatedOnToolsVersion = 15.3;
					};
					BDBC19F92BF18823006991F5 = {
						CreatedOnToolsVersion = 15.3;
						TestTargetID = BDBC19E92BF18821006991F5;
					};
					BDBC1A032BF18823006991F5 = {
						CreatedOnToolsVersion = 15.3;
						TestTargetID = BDBC19E92BF18821006991F5;
					};
				};
			};
			buildConfigurationList = BDBC19E52BF18821006991F5 /* Build configuration list for PBXProject "CameraPractice_submission" */;
			compatibilityVersion = "Xcode 14.0";
			developmentRegion = en;
			hasScannedForEncodings = 0;
			knownRegions = (
				en,
				Base,
			);
			mainGroup = BDBC19E12BF18821006991F5;
			productRefGroup = BDBC19EB2BF18821006991F5 /* Products */;
			projectDirPath = "";
			projectRoot = "";
			targets = (
				BDBC19E92BF18821006991F5 /* CameraPractice_submission */,
				BDBC19F92BF18823006991F5 /* CameraPractice_submissionTests */,
				BDBC1A032BF18823006991F5 /* CameraPractice_submissionUITests */,
			);
		};
/* End PBXProject section */

/* Begin PBXResourcesBuildPhase section */
		BDBC19E82BF18821006991F5 /* Resources */ = {
			isa = PBXResourcesBuildPhase;
			buildActionMask = 2147483647;
			files = (
				BDBC19F52BF18822006991F5 /* Preview Assets.xcassets in Resources */,
				BDBC19F22BF18822006991F5 /* Assets.xcassets in Resources */,
			);
			runOnlyForDeploymentPostprocessing = 0;
		};
		BDBC19F82BF18823006991F5 /* Resources */ = {
			isa = PBXResourcesBuildPhase;
			buildActionMask = 2147483647;
			files = (
			);
			runOnlyForDeploymentPostprocessing = 0;
		};
		BDBC1A022BF18823006991F5 /* Resources */ = {
			isa = PBXResourcesBuildPhase;
			buildActionMask = 2147483647;
			files = (
			);
			runOnlyForDeploymentPostprocessing = 0;
		};
/* End PBXResourcesBuildPhase section */

/* Begin PBXSourcesBuildPhase section */
		BDBC19E62BF18821006991F5 /* Sources */ = {
			isa = PBXSourcesBuildPhase;
			buildActionMask = 2147483647;
			files = (
				BDBC19F02BF18821006991F5 /* ContentView.swift in Sources */,
				BDBC19EE2BF18821006991F5 /* CameraPractice_submissionApp.swift in Sources */,
			);
			runOnlyForDeploymentPostprocessing = 0;
		};
		BDBC19F62BF18823006991F5 /* Sources */ = {
			isa = PBXSourcesBuildPhase;
			buildActionMask = 2147483647;
			files = (
				BDBC19FF2BF18823006991F5 /* CameraPractice_submissionTests.swift in Sources */,
			);
			runOnlyForDeploymentPostprocessing = 0;
		};
		BDBC1A002BF18823006991F5 /* Sources */ = {
			isa = PBXSourcesBuildPhase;
			buildActionMask = 2147483647;
			files = (
				BDBC1A0B2BF18823006991F5 /* CameraPractice_submissionUITestsLaunchTests.swift in Sources */,
				BDBC1A092BF18823006991F5 /* CameraPractice_submissionUITests.swift in Sources */,
			);
			runOnlyForDeploymentPostprocessing = 0;
		};
/* End PBXSourcesBuildPhase section */

/* Begin PBXTargetDependency section */
		BDBC19FC2BF18823006991F5 /* PBXTargetDependency */ = {
			isa = PBXTargetDependency;
			target = BDBC19E92BF18821006991F5 /* CameraPractice_submission */;
			targetProxy = BDBC19FB2BF18823006991F5 /* PBXContainerItemProxy */;
		};
		BDBC1A062BF18823006991F5 /* PBXTargetDependency */ = {
			isa = PBXTargetDependency;
			target = BDBC19E92BF18821006991F5 /* CameraPractice_submission */;
			targetProxy = BDBC1A052BF18823006991F5 /* PBXContainerItemProxy */;
		};
/* End PBXTargetDependency section */

/* Begin XCBuildConfiguration section */
		BDBC1A0C2BF18823006991F5 /* Debug */ = {
			isa = XCBuildConfiguration;
			buildSettings = {
				ALWAYS_SEARCH_USER_PATHS = NO;
				ASSETCATALOG_COMPILER_GENERATE_SWIFT_ASSET_SYMBOL_EXTENSIONS = YES;
				CLANG_ANALYZER_NONNULL = YES;
				CLANG_ANALYZER_NUMBER_OBJECT_CONVERSION = YES_AGGRESSIVE;
				CLANG_CXX_LANGUAGE_STANDARD = "gnu++20";
				CLANG_ENABLE_MODULES = YES;
				CLANG_ENABLE_OBJC_ARC = YES;
				CLANG_ENABLE_OBJC_WEAK = YES;
				CLANG_WARN_BLOCK_CAPTURE_AUTORELEASING = YES;
				CLANG_WARN_BOOL_CONVERSION = YES;
				CLANG_WARN_COMMA = YES;
				CLANG_WARN_CONSTANT_CONVERSION = YES;
				CLANG_WARN_DEPRECATED_OBJC_IMPLEMENTATIONS = YES;
				CLANG_WARN_DIRECT_OBJC_ISA_USAGE = YES_ERROR;
				CLANG_WARN_DOCUMENTATION_COMMENTS = YES;
				CLANG_WARN_EMPTY_BODY = YES;
				CLANG_WARN_ENUM_CONVERSION = YES;
				CLANG_WARN_INFINITE_RECURSION = YES;
				CLANG_WARN_INT_CONVERSION = YES;
				CLANG_WARN_NON_LITERAL_NULL_CONVERSION = YES;
				CLANG_WARN_OBJC_IMPLICIT_RETAIN_SELF = YES;
				CLANG_WARN_OBJC_LITERAL_CONVERSION = YES;
				CLANG_WARN_OBJC_ROOT_CLASS = YES_ERROR;
				CLANG_WARN_QUOTED_INCLUDE_IN_FRAMEWORK_HEADER = YES;
				CLANG_WARN_RANGE_LOOP_ANALYSIS = YES;
				CLANG_WARN_STRICT_PROTOTYPES = YES;
				CLANG_WARN_SUSPICIOUS_MOVE = YES;
				CLANG_WARN_UNGUARDED_AVAILABILITY = YES_AGGRESSIVE;
				CLANG_WARN_UNREACHABLE_CODE = YES;
				CLANG_WARN__DUPLICATE_METHOD_MATCH = YES;
				COPY_PHASE_STRIP = NO;
				DEBUG_INFORMATION_FORMAT = dwarf;
				ENABLE_STRICT_OBJC_MSGSEND = YES;
				ENABLE_TESTABILITY = YES;
				ENABLE_USER_SCRIPT_SANDBOXING = YES;
				GCC_C_LANGUAGE_STANDARD = gnu17;
				GCC_DYNAMIC_NO_PIC = NO;
				GCC_NO_COMMON_BLOCKS = YES;
				GCC_OPTIMIZATION_LEVEL = 0;
				GCC_PREPROCESSOR_DEFINITIONS = (
					"DEBUG=1",
					"$(inherited)",
				);
				GCC_WARN_64_TO_32_BIT_CONVERSION = YES;
				GCC_WARN_ABOUT_RETURN_TYPE = YES_ERROR;
				GCC_WARN_UNDECLARED_SELECTOR = YES;
				GCC_WARN_UNINITIALIZED_AUTOS = YES_AGGRESSIVE;
				GCC_WARN_UNUSED_FUNCTION = YES;
				GCC_WARN_UNUSED_VARIABLE = YES;
				IPHONEOS_DEPLOYMENT_TARGET = 17.4;
				LOCALIZATION_PREFERS_STRING_CATALOGS = YES;
				MTL_ENABLE_DEBUG_INFO = INCLUDE_SOURCE;
				MTL_FAST_MATH = YES;
				ONLY_ACTIVE_ARCH = YES;
				SDKROOT = iphoneos;
				SWIFT_ACTIVE_COMPILATION_CONDITIONS = "DEBUG $(inherited)";
				SWIFT_OPTIMIZATION_LEVEL = "-Onone";
			};
			name = Debug;
		};
		BDBC1A0D2BF18823006991F5 /* Release */ = {
			isa = XCBuildConfiguration;
			buildSettings = {
				ALWAYS_SEARCH_USER_PATHS = NO;
				ASSETCATALOG_COMPILER_GENERATE_SWIFT_ASSET_SYMBOL_EXTENSIONS = YES;
				CLANG_ANALYZER_NONNULL = YES;
				CLANG_ANALYZER_NUMBER_OBJECT_CONVERSION = YES_AGGRESSIVE;
				CLANG_CXX_LANGUAGE_STANDARD = "gnu++20";
				CLANG_ENABLE_MODULES = YES;
				CLANG_ENABLE_OBJC_ARC = YES;
				CLANG_ENABLE_OBJC_WEAK = YES;
				CLANG_WARN_BLOCK_CAPTURE_AUTORELEASING = YES;
				CLANG_WARN_BOOL_CONVERSION = YES;
				CLANG_WARN_COMMA = YES;
				CLANG_WARN_CONSTANT_CONVERSION = YES;
				CLANG_WARN_DEPRECATED_OBJC_IMPLEMENTATIONS = YES;
				CLANG_WARN_DIRECT_OBJC_ISA_USAGE = YES_ERROR;
				CLANG_WARN_DOCUMENTATION_COMMENTS = YES;
				CLANG_WARN_EMPTY_BODY = YES;
				CLANG_WARN_ENUM_CONVERSION = YES;
				CLANG_WARN_INFINITE_RECURSION = YES;
				CLANG_WARN_INT_CONVERSION = YES;
				CLANG_WARN_NON_LITERAL_NULL_CONVERSION = YES;
				CLANG_WARN_OBJC_IMPLICIT_RETAIN_SELF = YES;
				CLANG_WARN_OBJC_LITERAL_CONVERSION = YES;
				CLANG_WARN_OBJC_ROOT_CLASS = YES_ERROR;
				CLANG_WARN_QUOTED_INCLUDE_IN_FRAMEWORK_HEADER = YES;
				CLANG_WARN_RANGE_LOOP_ANALYSIS = YES;
				CLANG_WARN_STRICT_PROTOTYPES = YES;
				CLANG_WARN_SUSPICIOUS_MOVE = YES;
				CLANG_WARN_UNGUARDED_AVAILABILITY = YES_AGGRESSIVE;
				CLANG_WARN_UNREACHABLE_CODE = YES;
				CLANG_WARN__DUPLICATE_METHOD_MATCH = YES;
				COPY_PHASE_STRIP = NO;
				DEBUG_INFORMATION_FORMAT = "dwarf-with-dsym";
				ENABLE_NS_ASSERTIONS = NO;
				ENABLE_STRICT_OBJC_MSGSEND = YES;
				ENABLE_USER_SCRIPT_SANDBOXING = YES;
				GCC_C_LANGUAGE_STANDARD = gnu17;
				GCC_NO_COMMON_BLOCKS = YES;
				GCC_WARN_64_TO_32_BIT_CONVERSION = YES;
				GCC_WARN_ABOUT_RETURN_TYPE = YES_ERROR;
				GCC_WARN_UNDECLARED_SELECTOR = YES;
				GCC_WARN_UNINITIALIZED_AUTOS = YES_AGGRESSIVE;
				GCC_WARN_UNUSED_FUNCTION = YES;
				GCC_WARN_UNUSED_VARIABLE = YES;
				IPHONEOS_DEPLOYMENT_TARGET = 17.4;
				LOCALIZATION_PREFERS_STRING_CATALOGS = YES;
				MTL_ENABLE_DEBUG_INFO = NO;
				MTL_FAST_MATH = YES;
				SDKROOT = iphoneos;
				SWIFT_COMPILATION_MODE = wholemodule;
				VALIDATE_PRODUCT = YES;
			};
			name = Release;
		};
		BDBC1A0F2BF18823006991F5 /* Debug */ = {
			isa = XCBuildConfiguration;
			buildSettings = {
				ASSETCATALOG_COMPILER_APPICON_NAME = AppIcon;
				ASSETCATALOG_COMPILER_GLOBAL_ACCENT_COLOR_NAME = AccentColor;
				CODE_SIGN_STYLE = Automatic;
				CURRENT_PROJECT_VERSION = 1;
				DEVELOPMENT_ASSET_PATHS = "\"CameraPractice_submission/Preview Content\"";
				ENABLE_PREVIEWS = YES;
				GENERATE_INFOPLIST_FILE = YES;
				INFOPLIST_KEY_UIApplicationSceneManifest_Generation = YES;
				INFOPLIST_KEY_UIApplicationSupportsIndirectInputEvents = YES;
				INFOPLIST_KEY_UILaunchScreen_Generation = YES;
				INFOPLIST_KEY_UISupportedInterfaceOrientations_iPad = "UIInterfaceOrientationPortrait UIInterfaceOrientationPortraitUpsideDown UIInterfaceOrientationLandscapeLeft UIInterfaceOrientationLandscapeRight";
				INFOPLIST_KEY_UISupportedInterfaceOrientations_iPhone = "UIInterfaceOrientationPortrait UIInterfaceOrientationLandscapeLeft UIInterfaceOrientationLandscapeRight";
				LD_RUNPATH_SEARCH_PATHS = (
					"$(inherited)",
					"@executable_path/Frameworks",
				);
				MARKETING_VERSION = 1.0;
				PRODUCT_BUNDLE_IDENTIFIER = "kwk.CameraPractice-submission";
				PRODUCT_NAME = "$(TARGET_NAME)";
				SWIFT_EMIT_LOC_STRINGS = YES;
				SWIFT_VERSION = 5.0;
				TARGETED_DEVICE_FAMILY = "1,2";
			};
			name = Debug;
		};
		BDBC1A102BF18823006991F5 /* Release */ = {
			isa = XCBuildConfiguration;
			buildSettings = {
				ASSETCATALOG_COMPILER_APPICON_NAME = AppIcon;
				ASSETCATALOG_COMPILER_GLOBAL_ACCENT_COLOR_NAME = AccentColor;
				CODE_SIGN_STYLE = Automatic;
				CURRENT_PROJECT_VERSION = 1;
				DEVELOPMENT_ASSET_PATHS = "\"CameraPractice_submission/Preview Content\"";
				ENABLE_PREVIEWS = YES;
				GENERATE_INFOPLIST_FILE = YES;
				INFOPLIST_KEY_UIApplicationSceneManifest_Generation = YES;
				INFOPLIST_KEY_UIApplicationSupportsIndirectInputEvents = YES;
				INFOPLIST_KEY_UILaunchScreen_Generation = YES;
				INFOPLIST_KEY_UISupportedInterfaceOrientations_iPad = "UIInterfaceOrientationPortrait UIInterfaceOrientationPortraitUpsideDown UIInterfaceOrientationLandscapeLeft UIInterfaceOrientationLandscapeRight";
				INFOPLIST_KEY_UISupportedInterfaceOrientations_iPhone = "UIInterfaceOrientationPortrait UIInterfaceOrientationLandscapeLeft UIInterfaceOrientationLandscapeRight";
				LD_RUNPATH_SEARCH_PATHS = (
					"$(inherited)",
					"@executable_path/Frameworks",
				);
				MARKETING_VERSION = 1.0;
				PRODUCT_BUNDLE_IDENTIFIER = "kwk.CameraPractice-submission";
				PRODUCT_NAME = "$(TARGET_NAME)";
				SWIFT_EMIT_LOC_STRINGS = YES;
				SWIFT_VERSION = 5.0;
				TARGETED_DEVICE_FAMILY = "1,2";
			};
			name = Release;
		};
		BDBC1A122BF18823006991F5 /* Debug */ = {
			isa = XCBuildConfiguration;
			buildSettings = {
				ALWAYS_EMBED_SWIFT_STANDARD_LIBRARIES = YES;
				BUNDLE_LOADER = "$(TEST_HOST)";
				CODE_SIGN_STYLE = Automatic;
				CURRENT_PROJECT_VERSION = 1;
				GENERATE_INFOPLIST_FILE = YES;
				IPHONEOS_DEPLOYMENT_TARGET = 17.4;
				MARKETING_VERSION = 1.0;
				PRODUCT_BUNDLE_IDENTIFIER = "kwk.CameraPractice-submissionTests";
				PRODUCT_NAME = "$(TARGET_NAME)";
				SWIFT_EMIT_LOC_STRINGS = NO;
				SWIFT_VERSION = 5.0;
				TARGETED_DEVICE_FAMILY = "1,2";
				TEST_HOST = "$(BUILT_PRODUCTS_DIR)/CameraPractice_submission.app/$(BUNDLE_EXECUTABLE_FOLDER_PATH)/CameraPractice_submission";
			};
			name = Debug;
		};
		BDBC1A132BF18823006991F5 /* Release */ = {
			isa = XCBuildConfiguration;
			buildSettings = {
				ALWAYS_EMBED_SWIFT_STANDARD_LIBRARIES = YES;
				BUNDLE_LOADER = "$(TEST_HOST)";
				CODE_SIGN_STYLE = Automatic;
				CURRENT_PROJECT_VERSION = 1;
				GENERATE_INFOPLIST_FILE = YES;
				IPHONEOS_DEPLOYMENT_TARGET = 17.4;
				MARKETING_VERSION = 1.0;
				PRODUCT_BUNDLE_IDENTIFIER = "kwk.CameraPractice-submissionTests";
				PRODUCT_NAME = "$(TARGET_NAME)";
				SWIFT_EMIT_LOC_STRINGS = NO;
				SWIFT_VERSION = 5.0;
				TARGETED_DEVICE_FAMILY = "1,2";
				TEST_HOST = "$(BUILT_PRODUCTS_DIR)/CameraPractice_submission.app/$(BUNDLE_EXECUTABLE_FOLDER_PATH)/CameraPractice_submission";
			};
			name = Release;
		};
		BDBC1A152BF18823006991F5 /* Debug */ = {
			isa = XCBuildConfiguration;
			buildSettings = {
				ALWAYS_EMBED_SWIFT_STANDARD_LIBRARIES = YES;
				CODE_SIGN_STYLE = Automatic;
				CURRENT_PROJECT_VERSION = 1;
				GENERATE_INFOPLIST_FILE = YES;
				MARKETING_VERSION = 1.0;
				PRODUCT_BUNDLE_IDENTIFIER = "kwk.CameraPractice-submissionUITests";
				PRODUCT_NAME = "$(TARGET_NAME)";
				SWIFT_EMIT_LOC_STRINGS = NO;
				SWIFT_VERSION = 5.0;
				TARGETED_DEVICE_FAMILY = "1,2";
				TEST_TARGET_NAME = CameraPractice_submission;
			};
			name = Debug;
		};
		BDBC1A162BF18823006991F5 /* Release */ = {
			isa = XCBuildConfiguration;
			buildSettings = {
				ALWAYS_EMBED_SWIFT_STANDARD_LIBRARIES = YES;
				CODE_SIGN_STYLE = Automatic;
				CURRENT_PROJECT_VERSION = 1;
				GENERATE_INFOPLIST_FILE = YES;
				MARKETING_VERSION = 1.0;
				PRODUCT_BUNDLE_IDENTIFIER = "kwk.CameraPractice-submissionUITests";
				PRODUCT_NAME = "$(TARGET_NAME)";
				SWIFT_EMIT_LOC_STRINGS = NO;
				SWIFT_VERSION = 5.0;
				TARGETED_DEVICE_FAMILY = "1,2";
				TEST_TARGET_NAME = CameraPractice_submission;
			};
			name = Release;
		};
/* End XCBuildConfiguration section */

/* Begin XCConfigurationList section */
		BDBC19E52BF18821006991F5 /* Build configuration list for PBXProject "CameraPractice_submission" */ = {
			isa = XCConfigurationList;
			buildConfigurations = (
				BDBC1A0C2BF18823006991F5 /* Debug */,
				BDBC1A0D2BF18823006991F5 /* Release */,
			);
			defaultConfigurationIsVisible = 0;
			defaultConfigurationName = Release;
		};
		BDBC1A0E2BF18823006991F5 /* Build configuration list for PBXNativeTarget "CameraPractice_submission" */ = {
			isa = XCConfigurationList;
			buildConfigurations = (
				BDBC1A0F2BF18823006991F5 /* Debug */,
				BDBC1A102BF18823006991F5 /* Release */,
			);
			defaultConfigurationIsVisible = 0;
			defaultConfigurationName = Release;
		};
		BDBC1A112BF18823006991F5 /* Build configuration list for PBXNativeTarget "CameraPractice_submissionTests" */ = {
			isa = XCConfigurationList;
			buildConfigurations = (
				BDBC1A122BF18823006991F5 /* Debug */,
				BDBC1A132BF18823006991F5 /* Release */,
			);
			defaultConfigurationIsVisible = 0;
			defaultConfigurationName = Release;
		};
		BDBC1A142BF18823006991F5 /* Build configuration list for PBXNativeTarget "CameraPractice_submissionUITests" */ = {
			isa = XCConfigurationList;
			buildConfigurations = (
				BDBC1A152BF18823006991F5 /* Debug */,
				BDBC1A162BF18823006991F5 /* Release */,
			);
			defaultConfigurationIsVisible = 0;
			defaultConfigurationName = Release;
		};
/* End XCConfigurationList section */
	};
	rootObject = BDBC19E22BF18821006991F5 /* Project object */;
}
